{
  "name": "test_app",
  "requires": true,
  "lockfileVersion": 1,
  "dependencies": {
    "jquery": {
      "version": "1.12.4",
      "resolved": "https://registry.npmjs.org/jquery/-/jquery-1.12.4.tgz",
      "integrity": "sha1-AeHfuikP5z3rp3zurLD5ui/sngw="
    },
    "typeit": {
      "version": "4.4.1",
      "resolved": "https://registry.npmjs.org/typeit/-/typeit-4.4.1.tgz",
      "integrity": "sha512-VAoWunrxWy0aETU04pC0YrSrzZCRw5my0szWwnucYwq19PubnidzdElM0J9l6EYJxXG/loP6+jQnL9Ap8C8Vag==",
      "requires": {
        "jquery": "1.12.4"
      }
    }
  }
}
